
Microsoft Visual Studio Solution File, Format Version 12.00
# Visual Studio Version 16
VisualStudioVersion = 16.0.31424.327
MinimumVisualStudioVersion = 10.0.40219.1
Project("{9A19103F-16F7-4668-BE54-9A1E7A4F7556}") = "ConverterItVitaeOpdracht", "ConverterItVitaeOpdracht\ConverterItVitaeOpdracht.csproj", "{B7F617D6-4A80-42BD-B098-49D45FD9AB04}"
EndProject
Project("{9A19103F-16F7-4668-BE54-9A1E7A4F7556}") = "Logic", "ConverterLogic\Logic.csproj", "{6CB3E47A-3BDC-4EE0-97E7-3A469BC3EA66}"
EndProject
Global
	GlobalSection(SolutionConfigurationPlatforms) = preSolution
		Debug|Any CPU = Debug|Any CPU
		Release|Any CPU = Release|Any CPU
	EndGlobalSection
	GlobalSection(ProjectConfigurationPlatforms) = postSolution
		{B7F617D6-4A80-42BD-B098-49D45FD9AB04}.Debug|Any CPU.ActiveCfg = Debug|Any CPU
		{B7F617D6-4A80-42BD-B098-49D45FD9AB04}.Debug|Any CPU.Build.0 = Debug|Any CPU
		{B7F617D6-4A80-42BD-B098-49D45FD9AB04}.Release|Any CPU.ActiveCfg = Release|Any CPU
		{B7F617D6-4A80-42BD-B098-49D45FD9AB04}.Release|Any CPU.Build.0 = Release|Any CPU
		{6CB3E47A-3BDC-4EE0-97E7-3A469BC3EA66}.Debug|Any CPU.ActiveCfg = Debug|Any CPU
		{6CB3E47A-3BDC-4EE0-97E7-3A469BC3EA66}.Debug|Any CPU.Build.0 = Debug|Any CPU
		{6CB3E47A-3BDC-4EE0-97E7-3A469BC3EA66}.Release|Any CPU.ActiveCfg = Release|Any CPU
		{6CB3E47A-3BDC-4EE0-97E7-3A469BC3EA66}.Release|Any CPU.Build.0 = Release|Any CPU
	EndGlobalSection
	GlobalSection(SolutionProperties) = preSolution
		HideSolutionNode = FALSE
	EndGlobalSection
	GlobalSection(ExtensibilityGlobals) = postSolution
		SolutionGuid = {A9330206-6356-4D6C-BFFE-FB581D5325D6}
	EndGlobalSection
EndGlobal
